
Microsoft Visual Studio Solution File, Format Version 12.00
# Visual Studio Version 17
VisualStudioVersion = 17.3.32804.467
MinimumVisualStudioVersion = 10.0.40219.1
Project("{9A19103F-16F7-4668-BE54-9A1E7A4F7556}") = "LKDin.Server", "LKDin.Server.csproj", "{983C468C-B4B4-4655-80DB-65E6597B8C7B}"
EndProject
Project("{9A19103F-16F7-4668-BE54-9A1E7A4F7556}") = "LKDin.UI.ConsoleMenu", "..\LKDin.UI.ConsoleMenu\LKDin.UI.ConsoleMenu.csproj", "{3CF7A0B0-315E-496B-A700-17A60F9E8FE6}"
EndProject
Project("{9A19103F-16F7-4668-BE54-9A1E7A4F7556}") = "LKDin.IUI", "..\LKDin.IUI\LKDin.IUI.csproj", "{136B46E2-5F7B-4FC4-A0F8-5CBD67E04EB7}"
EndProject
Project("{9A19103F-16F7-4668-BE54-9A1E7A4F7556}") = "LKDin.DTOs", "..\LKDin.DTOs\LKDin.DTOs.csproj", "{5C8DE7C4-A1A1-4577-80D5-8970616748EC}"
EndProject
Project("{9A19103F-16F7-4668-BE54-9A1E7A4F7556}") = "LKDin.IBusinessLogic", "..\LKDin.IBusinessLogic\LKDin.IBusinessLogic.csproj", "{0F6E4A75-C575-4032-B767-FAECA2B724DB}"
EndProject
Project("{9A19103F-16F7-4668-BE54-9A1E7A4F7556}") = "LKDin.Server.BusinessLogic", "..\LKDin.Server.BusinessLogic\LKDin.Server.BusinessLogic.csproj", "{19D8A967-4B67-47BB-983C-DA532975D114}"
EndProject
Project("{9A19103F-16F7-4668-BE54-9A1E7A4F7556}") = "LKDin.Server.IDataAccess", "..\LKDin.Server.IDataAccess\LKDin.Server.IDataAccess.csproj", "{7DDF0481-0B8F-40D9-AF7A-3A4985C345F0}"
EndProject
Project("{9A19103F-16F7-4668-BE54-9A1E7A4F7556}") = "LKDin.Server.DataAccess", "..\LKDin.Server.DataAccess\LKDin.Server.DataAccess.csproj", "{8CDBBEFE-04BD-4435-AB6B-11F0F3EC3750}"
EndProject
Project("{9A19103F-16F7-4668-BE54-9A1E7A4F7556}") = "LKDin.Server.Domain", "..\LKDin.Server.Domain\LKDin.Server.Domain.csproj", "{6F178FD1-4B5B-43EA-BE4F-7886097AAE7A}"
EndProject
Project("{9A19103F-16F7-4668-BE54-9A1E7A4F7556}") = "LKDin.Exceptions", "..\LKDin.Exceptions\LKDin.Exceptions.csproj", "{C76C57C8-51FF-44AE-80E7-C812D345E7EB}"
EndProject
Project("{9A19103F-16F7-4668-BE54-9A1E7A4F7556}") = "LKDin.Helpers", "..\LKDin.Helpers\LKDin.Helpers.csproj", "{3D578468-E4D0-414B-9F89-2D8D7ED96692}"
EndProject
Project("{9A19103F-16F7-4668-BE54-9A1E7A4F7556}") = "LKDin.Server.Networking", "..\LKDin.Server.Networking\LKDin.Server.Networking.csproj", "{D35D8B9F-9997-429B-9FA2-1C3DE9163FE1}"
EndProject
Project("{9A19103F-16F7-4668-BE54-9A1E7A4F7556}") = "LKDin.Networking", "..\LKDin.Networking\LKDin.Networking.csproj", "{CDBAE0C6-3CBF-4295-8796-5FB4A87AAC19}"
EndProject
Project("{9A19103F-16F7-4668-BE54-9A1E7A4F7556}") = "LKDin.Client", "..\LKDin.Client\LKDin.Client.csproj", "{92462795-A460-4794-97C8-03A02CE21613}"
EndProject
Project("{FAE04EC0-301F-11D3-BF4B-00C04F79EFBC}") = "LKDin.Client.BusinessLogic", "..\LKDin.Client.BusinessLogic\LKDin.Client.BusinessLogic.csproj", "{6E76BDAB-43F8-498D-B379-3DF617897A92}"
EndProject
Project("{FAE04EC0-301F-11D3-BF4B-00C04F79EFBC}") = "LKDin.Client.Networking", "..\LKDin.Client.Networking\LKDin.Client.Networking.csproj", "{8EABF85E-BB93-409F-9DC8-D874230D7285}"
EndProject
Global
	GlobalSection(SolutionConfigurationPlatforms) = preSolution
		Debug|Any CPU = Debug|Any CPU
		Release|Any CPU = Release|Any CPU
	EndGlobalSection
	GlobalSection(ProjectConfigurationPlatforms) = postSolution
		{983C468C-B4B4-4655-80DB-65E6597B8C7B}.Debug|Any CPU.ActiveCfg = Debug|Any CPU
		{983C468C-B4B4-4655-80DB-65E6597B8C7B}.Debug|Any CPU.Build.0 = Debug|Any CPU
		{983C468C-B4B4-4655-80DB-65E6597B8C7B}.Release|Any CPU.ActiveCfg = Release|Any CPU
		{983C468C-B4B4-4655-80DB-65E6597B8C7B}.Release|Any CPU.Build.0 = Release|Any CPU
		{3CF7A0B0-315E-496B-A700-17A60F9E8FE6}.Debug|Any CPU.ActiveCfg = Debug|Any CPU
		{3CF7A0B0-315E-496B-A700-17A60F9E8FE6}.Debug|Any CPU.Build.0 = Debug|Any CPU
		{3CF7A0B0-315E-496B-A700-17A60F9E8FE6}.Release|Any CPU.ActiveCfg = Release|Any CPU
		{3CF7A0B0-315E-496B-A700-17A60F9E8FE6}.Release|Any CPU.Build.0 = Release|Any CPU
		{136B46E2-5F7B-4FC4-A0F8-5CBD67E04EB7}.Debug|Any CPU.ActiveCfg = Debug|Any CPU
		{136B46E2-5F7B-4FC4-A0F8-5CBD67E04EB7}.Debug|Any CPU.Build.0 = Debug|Any CPU
		{136B46E2-5F7B-4FC4-A0F8-5CBD67E04EB7}.Release|Any CPU.ActiveCfg = Release|Any CPU
		{136B46E2-5F7B-4FC4-A0F8-5CBD67E04EB7}.Release|Any CPU.Build.0 = Release|Any CPU
		{5C8DE7C4-A1A1-4577-80D5-8970616748EC}.Debug|Any CPU.ActiveCfg = Debug|Any CPU
		{5C8DE7C4-A1A1-4577-80D5-8970616748EC}.Debug|Any CPU.Build.0 = Debug|Any CPU
		{5C8DE7C4-A1A1-4577-80D5-8970616748EC}.Release|Any CPU.ActiveCfg = Release|Any CPU
		{5C8DE7C4-A1A1-4577-80D5-8970616748EC}.Release|Any CPU.Build.0 = Release|Any CPU
		{0F6E4A75-C575-4032-B767-FAECA2B724DB}.Debug|Any CPU.ActiveCfg = Debug|Any CPU
		{0F6E4A75-C575-4032-B767-FAECA2B724DB}.Debug|Any CPU.Build.0 = Debug|Any CPU
		{0F6E4A75-C575-4032-B767-FAECA2B724DB}.Release|Any CPU.ActiveCfg = Release|Any CPU
		{0F6E4A75-C575-4032-B767-FAECA2B724DB}.Release|Any CPU.Build.0 = Release|Any CPU
		{19D8A967-4B67-47BB-983C-DA532975D114}.Debug|Any CPU.ActiveCfg = Debug|Any CPU
		{19D8A967-4B67-47BB-983C-DA532975D114}.Debug|Any CPU.Build.0 = Debug|Any CPU
		{19D8A967-4B67-47BB-983C-DA532975D114}.Release|Any CPU.ActiveCfg = Release|Any CPU
		{19D8A967-4B67-47BB-983C-DA532975D114}.Release|Any CPU.Build.0 = Release|Any CPU
		{7DDF0481-0B8F-40D9-AF7A-3A4985C345F0}.Debug|Any CPU.ActiveCfg = Debug|Any CPU
		{7DDF0481-0B8F-40D9-AF7A-3A4985C345F0}.Debug|Any CPU.Build.0 = Debug|Any CPU
		{7DDF0481-0B8F-40D9-AF7A-3A4985C345F0}.Release|Any CPU.ActiveCfg = Release|Any CPU
		{7DDF0481-0B8F-40D9-AF7A-3A4985C345F0}.Release|Any CPU.Build.0 = Release|Any CPU
		{8CDBBEFE-04BD-4435-AB6B-11F0F3EC3750}.Debug|Any CPU.ActiveCfg = Debug|Any CPU
		{8CDBBEFE-04BD-4435-AB6B-11F0F3EC3750}.Debug|Any CPU.Build.0 = Debug|Any CPU
		{8CDBBEFE-04BD-4435-AB6B-11F0F3EC3750}.Release|Any CPU.ActiveCfg = Release|Any CPU
		{8CDBBEFE-04BD-4435-AB6B-11F0F3EC3750}.Release|Any CPU.Build.0 = Release|Any CPU
		{6F178FD1-4B5B-43EA-BE4F-7886097AAE7A}.Debug|Any CPU.ActiveCfg = Debug|Any CPU
		{6F178FD1-4B5B-43EA-BE4F-7886097AAE7A}.Debug|Any CPU.Build.0 = Debug|Any CPU
		{6F178FD1-4B5B-43EA-BE4F-7886097AAE7A}.Release|Any CPU.ActiveCfg = Release|Any CPU
		{6F178FD1-4B5B-43EA-BE4F-7886097AAE7A}.Release|Any CPU.Build.0 = Release|Any CPU
		{C76C57C8-51FF-44AE-80E7-C812D345E7EB}.Debug|Any CPU.ActiveCfg = Debug|Any CPU
		{C76C57C8-51FF-44AE-80E7-C812D345E7EB}.Debug|Any CPU.Build.0 = Debug|Any CPU
		{C76C57C8-51FF-44AE-80E7-C812D345E7EB}.Release|Any CPU.ActiveCfg = Release|Any CPU
		{C76C57C8-51FF-44AE-80E7-C812D345E7EB}.Release|Any CPU.Build.0 = Release|Any CPU
		{3D578468-E4D0-414B-9F89-2D8D7ED96692}.Debug|Any CPU.ActiveCfg = Debug|Any CPU
		{3D578468-E4D0-414B-9F89-2D8D7ED96692}.Debug|Any CPU.Build.0 = Debug|Any CPU
		{3D578468-E4D0-414B-9F89-2D8D7ED96692}.Release|Any CPU.ActiveCfg = Release|Any CPU
		{3D578468-E4D0-414B-9F89-2D8D7ED96692}.Release|Any CPU.Build.0 = Release|Any CPU
		{D35D8B9F-9997-429B-9FA2-1C3DE9163FE1}.Debug|Any CPU.ActiveCfg = Debug|Any CPU
		{D35D8B9F-9997-429B-9FA2-1C3DE9163FE1}.Debug|Any CPU.Build.0 = Debug|Any CPU
		{D35D8B9F-9997-429B-9FA2-1C3DE9163FE1}.Release|Any CPU.ActiveCfg = Release|Any CPU
		{D35D8B9F-9997-429B-9FA2-1C3DE9163FE1}.Release|Any CPU.Build.0 = Release|Any CPU
		{CDBAE0C6-3CBF-4295-8796-5FB4A87AAC19}.Debug|Any CPU.ActiveCfg = Debug|Any CPU
		{CDBAE0C6-3CBF-4295-8796-5FB4A87AAC19}.Debug|Any CPU.Build.0 = Debug|Any CPU
		{CDBAE0C6-3CBF-4295-8796-5FB4A87AAC19}.Release|Any CPU.ActiveCfg = Release|Any CPU
		{CDBAE0C6-3CBF-4295-8796-5FB4A87AAC19}.Release|Any CPU.Build.0 = Release|Any CPU
		{92462795-A460-4794-97C8-03A02CE21613}.Debug|Any CPU.ActiveCfg = Debug|Any CPU
		{92462795-A460-4794-97C8-03A02CE21613}.Debug|Any CPU.Build.0 = Debug|Any CPU
		{92462795-A460-4794-97C8-03A02CE21613}.Release|Any CPU.ActiveCfg = Release|Any CPU
		{92462795-A460-4794-97C8-03A02CE21613}.Release|Any CPU.Build.0 = Release|Any CPU
		{6E76BDAB-43F8-498D-B379-3DF617897A92}.Debug|Any CPU.ActiveCfg = Debug|Any CPU
		{6E76BDAB-43F8-498D-B379-3DF617897A92}.Debug|Any CPU.Build.0 = Debug|Any CPU
		{6E76BDAB-43F8-498D-B379-3DF617897A92}.Release|Any CPU.ActiveCfg = Release|Any CPU
		{6E76BDAB-43F8-498D-B379-3DF617897A92}.Release|Any CPU.Build.0 = Release|Any CPU
		{8EABF85E-BB93-409F-9DC8-D874230D7285}.Debug|Any CPU.ActiveCfg = Debug|Any CPU
		{8EABF85E-BB93-409F-9DC8-D874230D7285}.Debug|Any CPU.Build.0 = Debug|Any CPU
		{8EABF85E-BB93-409F-9DC8-D874230D7285}.Release|Any CPU.ActiveCfg = Release|Any CPU
		{8EABF85E-BB93-409F-9DC8-D874230D7285}.Release|Any CPU.Build.0 = Release|Any CPU
	EndGlobalSection
	GlobalSection(SolutionProperties) = preSolution
		HideSolutionNode = FALSE
	EndGlobalSection
	GlobalSection(ExtensibilityGlobals) = postSolution
		SolutionGuid = {A96BDD90-66F5-4D3A-9659-BDD4839D362A}
	EndGlobalSection
	GlobalSection(MonoDevelopProperties) = preSolution
		Policies = $0
		$0.TextStylePolicy = $3
		$1.inheritsSet = null
		$1.scope = text/x-csharp
		$0.CSharpFormattingPolicy = $2
		$2.scope = text/x-csharp
		$3.FileWidth = 80
		$3.TabsToSpaces = True
		$3.scope = text/plain
	EndGlobalSection
EndGlobal
